%{"decimal": {:hex, :decimal, "1.1.0"},
  "ecto": {:git, "git://github.com/elixir-lang/ecto.git", "a22c5ddd4cbd551b11635fe48f3d51e56afce806", []},
  "poison": {:hex, :poison, "1.4.0"},
  "poolboy": {:hex, :poolboy, "1.5.1"},
  "postgrex": {:hex, :postgrex, "0.7.0"},
  "tds": {:hex, :tds, "0.5.1"},
  "timex": {:hex, :timex, "0.14.3"},
  "tzdata": {:hex, :tzdata, "0.1.6"}}
