%{"decimal": {:hex, :decimal, "1.1.0"},
  "ecto": {:hex, :ecto, "0.14.1"},
  "poison": {:hex, :poison, "1.4.0"},
  "poolboy": {:hex, :poolboy, "1.5.1"},
  "postgrex": {:hex, :postgrex, "0.7.0"},
  "tds": {:hex, :tds, "0.5.1"},
  "timex": {:hex, :timex, "0.14.3"},
  "tzdata": {:hex, :tzdata, "0.1.6"}}
